
Microsoft Visual Studio Solution File, Format Version 12.00
# Visual Studio Version 17
VisualStudioVersion = 17.7.34024.191
MinimumVisualStudioVersion = 10.0.40219.1
Project("{FAE04EC0-301F-11D3-BF4B-00C04F79EFBC}") = "App2.Android", "App2\App2.Android\App2.Android.csproj", "{027B81D3-5FA2-418F-9371-C0655D3AE1F5}"
EndProject
Project("{FAE04EC0-301F-11D3-BF4B-00C04F79EFBC}") = "App2", "App2\App2\App2.csproj", "{7EF83100-D0AE-4D23-9BF7-42B970704B02}"
EndProject
Global
	GlobalSection(SolutionConfigurationPlatforms) = preSolution
		Debug|Any CPU = Debug|Any CPU
		Release|Any CPU = Release|Any CPU
	EndGlobalSection
	GlobalSection(ProjectConfigurationPlatforms) = postSolution
		{027B81D3-5FA2-418F-9371-C0655D3AE1F5}.Debug|Any CPU.ActiveCfg = Debug|Any CPU
		{027B81D3-5FA2-418F-9371-C0655D3AE1F5}.Debug|Any CPU.Build.0 = Debug|Any CPU
		{027B81D3-5FA2-418F-9371-C0655D3AE1F5}.Debug|Any CPU.Deploy.0 = Debug|Any CPU
		{027B81D3-5FA2-418F-9371-C0655D3AE1F5}.Release|Any CPU.ActiveCfg = Release|Any CPU
		{027B81D3-5FA2-418F-9371-C0655D3AE1F5}.Release|Any CPU.Build.0 = Release|Any CPU
		{027B81D3-5FA2-418F-9371-C0655D3AE1F5}.Release|Any CPU.Deploy.0 = Release|Any CPU
		{7EF83100-D0AE-4D23-9BF7-42B970704B02}.Debug|Any CPU.ActiveCfg = Debug|Any CPU
		{7EF83100-D0AE-4D23-9BF7-42B970704B02}.Debug|Any CPU.Build.0 = Debug|Any CPU
		{7EF83100-D0AE-4D23-9BF7-42B970704B02}.Debug|Any CPU.Deploy.0 = Debug|Any CPU
		{7EF83100-D0AE-4D23-9BF7-42B970704B02}.Release|Any CPU.ActiveCfg = Release|Any CPU
		{7EF83100-D0AE-4D23-9BF7-42B970704B02}.Release|Any CPU.Build.0 = Release|Any CPU
		{7EF83100-D0AE-4D23-9BF7-42B970704B02}.Release|Any CPU.Deploy.0 = Release|Any CPU
	EndGlobalSection
	GlobalSection(SolutionProperties) = preSolution
		HideSolutionNode = FALSE
	EndGlobalSection
	GlobalSection(ExtensibilityGlobals) = postSolution
		SolutionGuid = {FC9C25E6-A52F-47FB-88A7-29CE4EA867AD}
	EndGlobalSection
EndGlobal
